
Microsoft Visual Studio Solution File, Format Version 12.00
# Visual Studio Version 18
VisualStudioVersion = 18.4.11626.88
MinimumVisualStudioVersion = 10.0.40219.1
Project("{FAE04EC0-301F-11D3-BF4B-00C04F79EFBC}") = "FitTrackr.API", "FitTracker.API\FitTrackr.API.csproj", "{72B7F10F-FDEC-4BA0-B06A-EFF86FD4E440}"
EndProject
Project("{FAE04EC0-301F-11D3-BF4B-00C04F79EFBC}") = "FitTrackr.UI", "FitTrackr.UI\FitTrackr.UI.csproj", "{85713905-5E60-42B7-81B9-269EA64DAEEE}"
EndProject
Project("{2150E333-8FDC-42A3-9474-1A3956D46DE8}") = "Solution Items", "Solution Items", "{8EC462FD-D22E-90A8-E5CE-7E832BA40C5D}"
	ProjectSection(SolutionItems) = preProject
		docker-compose.yaml = docker-compose.yaml
	EndProjectSection
EndProject
Project("{FAE04EC0-301F-11D3-BF4B-00C04F79EFBC}") = "FitTrackr.MAUI", "FitTrackr.MAUI\FitTrackr.MAUI.csproj", "{343653C9-C169-97F5-A52B-630DC57AAA9A}"
EndProject
Project("{2150E333-8FDC-42A3-9474-1A3956D46DE8}") = "docs", "docs", "{8F397634-D861-48DA-BB7E-9D8AEB9C6961}"
EndProject
Project("{2150E333-8FDC-42A3-9474-1A3956D46DE8}") = "screenshots", "screenshots", "{26B59E9D-0962-4910-9FA7-BD7F37E83102}"
	ProjectSection(SolutionItems) = preProject
		..\..\..\AppData\Local\Packages\Microsoft.YourPhone_8wekyb3d8bbwe\TempState\medias\login.jpg = ..\..\..\AppData\Local\Packages\Microsoft.YourPhone_8wekyb3d8bbwe\TempState\medias\login.jpg
		..\..\..\AppData\Local\Packages\Microsoft.YourPhone_8wekyb3d8bbwe\TempState\medias\fitbot.jpg = ..\..\..\AppData\Local\Packages\Microsoft.YourPhone_8wekyb3d8bbwe\TempState\medias\fitbot.jpg
		..\..\..\AppData\Local\Packages\Microsoft.YourPhone_8wekyb3d8bbwe\TempState\medias\profile.jpg = ..\..\..\AppData\Local\Packages\Microsoft.YourPhone_8wekyb3d8bbwe\TempState\medias\profile.jpg
		..\..\..\AppData\Local\Packages\Microsoft.YourPhone_8wekyb3d8bbwe\TempState\medias\main_page.jpg = ..\..\..\AppData\Local\Packages\Microsoft.YourPhone_8wekyb3d8bbwe\TempState\medias\main_page.jpg
		..\..\..\AppData\Local\Packages\Microsoft.YourPhone_8wekyb3d8bbwe\TempState\medias\reports.jpg = ..\..\..\AppData\Local\Packages\Microsoft.YourPhone_8wekyb3d8bbwe\TempState\medias\reports.jpg
		..\..\..\AppData\Local\Packages\Microsoft.YourPhone_8wekyb3d8bbwe\TempState\medias\workouts.jpg = ..\..\..\AppData\Local\Packages\Microsoft.YourPhone_8wekyb3d8bbwe\TempState\medias\workouts.jpg
	EndProjectSection
EndProject
Global
	GlobalSection(SolutionConfigurationPlatforms) = preSolution
		Debug|Any CPU = Debug|Any CPU
		Release|Any CPU = Release|Any CPU
	EndGlobalSection
	GlobalSection(ProjectConfigurationPlatforms) = postSolution
		{72B7F10F-FDEC-4BA0-B06A-EFF86FD4E440}.Debug|Any CPU.ActiveCfg = Debug|Any CPU
		{72B7F10F-FDEC-4BA0-B06A-EFF86FD4E440}.Debug|Any CPU.Build.0 = Debug|Any CPU
		{72B7F10F-FDEC-4BA0-B06A-EFF86FD4E440}.Release|Any CPU.ActiveCfg = Release|Any CPU
		{72B7F10F-FDEC-4BA0-B06A-EFF86FD4E440}.Release|Any CPU.Build.0 = Release|Any CPU
		{85713905-5E60-42B7-81B9-269EA64DAEEE}.Debug|Any CPU.ActiveCfg = Debug|Any CPU
		{85713905-5E60-42B7-81B9-269EA64DAEEE}.Debug|Any CPU.Build.0 = Debug|Any CPU
		{85713905-5E60-42B7-81B9-269EA64DAEEE}.Release|Any CPU.ActiveCfg = Release|Any CPU
		{85713905-5E60-42B7-81B9-269EA64DAEEE}.Release|Any CPU.Build.0 = Release|Any CPU
		{343653C9-C169-97F5-A52B-630DC57AAA9A}.Debug|Any CPU.ActiveCfg = Debug|Any CPU
		{343653C9-C169-97F5-A52B-630DC57AAA9A}.Debug|Any CPU.Build.0 = Debug|Any CPU
		{343653C9-C169-97F5-A52B-630DC57AAA9A}.Debug|Any CPU.Deploy.0 = Debug|Any CPU
		{343653C9-C169-97F5-A52B-630DC57AAA9A}.Release|Any CPU.ActiveCfg = Release|Any CPU
		{343653C9-C169-97F5-A52B-630DC57AAA9A}.Release|Any CPU.Build.0 = Release|Any CPU
	EndGlobalSection
	GlobalSection(SolutionProperties) = preSolution
		HideSolutionNode = FALSE
	EndGlobalSection
	GlobalSection(NestedProjects) = preSolution
		{26B59E9D-0962-4910-9FA7-BD7F37E83102} = {8F397634-D861-48DA-BB7E-9D8AEB9C6961}
	EndGlobalSection
	GlobalSection(ExtensibilityGlobals) = postSolution
		SolutionGuid = {50F18F94-BB56-4F59-8173-6604DEB5EBAB}
	EndGlobalSection
EndGlobal
